
Microsoft Visual Studio Solution File, Format Version 12.00
# Visual Studio Version 16
VisualStudioVersion = 16.0.32228.343
MinimumVisualStudioVersion = 10.0.40219.1
Project("{FAE04EC0-301F-11D3-BF4B-00C04F79EFBC}") = "Bigest Array's index", "Bigest Array's index\Bigest Array's index.csproj", "{F236D203-FE68-44FD-9F3C-D0C7D873FEB7}"
EndProject
Global
	GlobalSection(SolutionConfigurationPlatforms) = preSolution
		Debug|Any CPU = Debug|Any CPU
		Release|Any CPU = Release|Any CPU
	EndGlobalSection
	GlobalSection(ProjectConfigurationPlatforms) = postSolution
		{F236D203-FE68-44FD-9F3C-D0C7D873FEB7}.Debug|Any CPU.ActiveCfg = Debug|Any CPU
		{F236D203-FE68-44FD-9F3C-D0C7D873FEB7}.Debug|Any CPU.Build.0 = Debug|Any CPU
		{F236D203-FE68-44FD-9F3C-D0C7D873FEB7}.Release|Any CPU.ActiveCfg = Release|Any CPU
		{F236D203-FE68-44FD-9F3C-D0C7D873FEB7}.Release|Any CPU.Build.0 = Release|Any CPU
	EndGlobalSection
	GlobalSection(SolutionProperties) = preSolution
		HideSolutionNode = FALSE
	EndGlobalSection
	GlobalSection(ExtensibilityGlobals) = postSolution
		SolutionGuid = {3128BC01-0D4A-4FE2-B70C-E5DB419129AF}
	EndGlobalSection
EndGlobal
